
Microsoft Visual Studio Solution File, Format Version 12.00
# Visual Studio Version 17
VisualStudioVersion = 17.1.32319.34
MinimumVisualStudioVersion = 10.0.40219.1
Project("{FAE04EC0-301F-11D3-BF4B-00C04F79EFBC}") = "Csharp Shop", "Csharp Shop\Csharp Shop.csproj", "{E8B873CC-4464-4EFF-A239-C7162833B953}"
EndProject
Project("{FAE04EC0-301F-11D3-BF4B-00C04F79EFBC}") = "Bonus", "Bonus\Bonus.csproj", "{B62A5CC5-5EED-4543-B624-7B7F86CDFF1B}"
EndProject
Global
	GlobalSection(SolutionConfigurationPlatforms) = preSolution
		Debug|Any CPU = Debug|Any CPU
		Release|Any CPU = Release|Any CPU
	EndGlobalSection
	GlobalSection(ProjectConfigurationPlatforms) = postSolution
		{E8B873CC-4464-4EFF-A239-C7162833B953}.Debug|Any CPU.ActiveCfg = Debug|Any CPU
		{E8B873CC-4464-4EFF-A239-C7162833B953}.Debug|Any CPU.Build.0 = Debug|Any CPU
		{E8B873CC-4464-4EFF-A239-C7162833B953}.Release|Any CPU.ActiveCfg = Release|Any CPU
		{E8B873CC-4464-4EFF-A239-C7162833B953}.Release|Any CPU.Build.0 = Release|Any CPU
		{B62A5CC5-5EED-4543-B624-7B7F86CDFF1B}.Debug|Any CPU.ActiveCfg = Debug|Any CPU
		{B62A5CC5-5EED-4543-B624-7B7F86CDFF1B}.Debug|Any CPU.Build.0 = Debug|Any CPU
		{B62A5CC5-5EED-4543-B624-7B7F86CDFF1B}.Release|Any CPU.ActiveCfg = Release|Any CPU
		{B62A5CC5-5EED-4543-B624-7B7F86CDFF1B}.Release|Any CPU.Build.0 = Release|Any CPU
	EndGlobalSection
	GlobalSection(SolutionProperties) = preSolution
		HideSolutionNode = FALSE
	EndGlobalSection
	GlobalSection(ExtensibilityGlobals) = postSolution
		SolutionGuid = {77B3D41F-048E-45C6-8399-94E536557D8C}
	EndGlobalSection
EndGlobal
